version = 1
revision = 3
requires-python = ">=3.12"

[manifest]
members = [
    "change-tracker",
    "kilocode-autocoder-utils",
]

[[package]]
name = "change-tracker"
version = "0.1.0"
source = { virtual = "change-tracker" }

[[package]]
name = "kilocode-autocoder-utils"
version = "0.1.0"
source = { editable = "." }
